
Microsoft Visual Studio Solution File, Format Version 12.00
# Visual Studio Version 17
VisualStudioVersion = 17.2.32616.157
MinimumVisualStudioVersion = 10.0.40219.1
Project("{9A19103F-16F7-4668-BE54-9A1E7A4F7556}") = "Aporte2P", "Aporte2P.csproj", "{FF6698F4-1C87-47D1-9D3D-3A1BF7ED5947}"
EndProject
Global
	GlobalSection(SolutionConfigurationPlatforms) = preSolution
		Debug|Any CPU = Debug|Any CPU
		Release|Any CPU = Release|Any CPU
	EndGlobalSection
	GlobalSection(ProjectConfigurationPlatforms) = postSolution
		{FF6698F4-1C87-47D1-9D3D-3A1BF7ED5947}.Debug|Any CPU.ActiveCfg = Debug|Any CPU
		{FF6698F4-1C87-47D1-9D3D-3A1BF7ED5947}.Debug|Any CPU.Build.0 = Debug|Any CPU
		{FF6698F4-1C87-47D1-9D3D-3A1BF7ED5947}.Release|Any CPU.ActiveCfg = Release|Any CPU
		{FF6698F4-1C87-47D1-9D3D-3A1BF7ED5947}.Release|Any CPU.Build.0 = Release|Any CPU
	EndGlobalSection
	GlobalSection(SolutionProperties) = preSolution
		HideSolutionNode = FALSE
	EndGlobalSection
	GlobalSection(ExtensibilityGlobals) = postSolution
		SolutionGuid = {1D34EF89-CF63-4D4B-96B3-3A32ADDDCD16}
	EndGlobalSection
EndGlobal
